// !$*UTF8*$!
{
	archiveVersion = 1;
	classes = {
	};
	objectVersion = 55;
	objects = {

/* Begin PBXBuildFile section */
		B42EA5BD287D50BA009C5901 /* WhatIsSwiftUIApp.swift in Sources */ = {isa = PBXBuildFile; fileRef = B42EA5BC287D50BA009C5901 /* WhatIsSwiftUIApp.swift */; };
		B42EA5BF287D50BA009C5901 /* ContentView.swift in Sources */ = {isa = PBXBuildFile; fileRef = B42EA5BE287D50BA009C5901 /* ContentView.swift */; };
		B42EA5C4287D50BA009C5901 /* Preview Assets.xcassets in Resources */ = {isa = PBXBuildFile; fileRef = B42EA5C3287D50BA009C5901 /* Preview Assets.xcassets */; };
		B42EA5CB287D665F009C5901 /* CircleImage.swift in Sources */ = {isa = PBXBuildFile; fileRef = B42EA5CA287D665F009C5901 /* CircleImage.swift */; };
		B42EA5CD287D6AA2009C5901 /* MapView.swift in Sources */ = {isa = PBXBuildFile; fileRef = B42EA5CC287D6AA2009C5901 /* MapView.swift */; };
		B42EA5CF287D81F0009C5901 /* landmarkData.json in Resources */ = {isa = PBXBuildFile; fileRef = B42EA5CE287D81F0009C5901 /* landmarkData.json */; };
		B42EA5D3287D828D009C5901 /* Landmark.swift in Sources */ = {isa = PBXBuildFile; fileRef = B42EA5D2287D828D009C5901 /* Landmark.swift */; };
		B42EA5D5287D8EB3009C5901 /* ModelData.swift in Sources */ = {isa = PBXBuildFile; fileRef = B42EA5D4287D8EB3009C5901 /* ModelData.swift */; };
		B42EA5DB287D992C009C5901 /* LandmarkRow.swift in Sources */ = {isa = PBXBuildFile; fileRef = B42EA5DA287D992C009C5901 /* LandmarkRow.swift */; };
		B42EA5DD287D9D3B009C5901 /* LandmarkList.swift in Sources */ = {isa = PBXBuildFile; fileRef = B42EA5DC287D9D3B009C5901 /* LandmarkList.swift */; };
		B42EA5DF287DA2FC009C5901 /* LandmarkDetail.swift in Sources */ = {isa = PBXBuildFile; fileRef = B42EA5DE287DA2FC009C5901 /* LandmarkDetail.swift */; };
		B42EA5E3287EFE3D009C5901 /* FavoriteButton.swift in Sources */ = {isa = PBXBuildFile; fileRef = B42EA5E2287EFE3D009C5901 /* FavoriteButton.swift */; };
		B42EA5E7287FEA11009C5901 /* HexagonParameters.swift in Sources */ = {isa = PBXBuildFile; fileRef = B42EA5E6287FEA11009C5901 /* HexagonParameters.swift */; };
		B42EA5E9287FF0C5009C5901 /* BadgeBackground.swift in Sources */ = {isa = PBXBuildFile; fileRef = B42EA5E8287FF0C5009C5901 /* BadgeBackground.swift */; };
		B42EA5EB288007C1009C5901 /* Assets.xcassets in Resources */ = {isa = PBXBuildFile; fileRef = B42EA5EA288007C1009C5901 /* Assets.xcassets */; };
		B42EA5ED28800834009C5901 /* BadgeSymbol.swift in Sources */ = {isa = PBXBuildFile; fileRef = B42EA5EC28800834009C5901 /* BadgeSymbol.swift */; };
		B42EA5EF28800FC3009C5901 /* RotatedBadgeSymbol.swift in Sources */ = {isa = PBXBuildFile; fileRef = B42EA5EE28800FC3009C5901 /* RotatedBadgeSymbol.swift */; };
		B42EA5F1288011C0009C5901 /* Badge.swift in Sources */ = {isa = PBXBuildFile; fileRef = B42EA5F0288011C0009C5901 /* Badge.swift */; };
		B42EA5F428802B28009C5901 /* hikeData.json in Resources */ = {isa = PBXBuildFile; fileRef = B42EA5F328802B28009C5901 /* hikeData.json */; };
		B42EA5F628802B7B009C5901 /* Hike.swift in Sources */ = {isa = PBXBuildFile; fileRef = B42EA5F528802B7B009C5901 /* Hike.swift */; };
		B42EA5FC28803305009C5901 /* GraphCapsule.swift in Sources */ = {isa = PBXBuildFile; fileRef = B42EA5F828803305009C5901 /* GraphCapsule.swift */; };
		B42EA5FD28803305009C5901 /* HikeGraph.swift in Sources */ = {isa = PBXBuildFile; fileRef = B42EA5F928803305009C5901 /* HikeGraph.swift */; };
		B42EA5FE28803305009C5901 /* HikeDetail.swift in Sources */ = {isa = PBXBuildFile; fileRef = B42EA5FA28803305009C5901 /* HikeDetail.swift */; };
		B42EA5FF28803305009C5901 /* HikeView.swift in Sources */ = {isa = PBXBuildFile; fileRef = B42EA5FB28803305009C5901 /* HikeView.swift */; };
		B42EA60228813ADB009C5901 /* CategoryHome.swift in Sources */ = {isa = PBXBuildFile; fileRef = B42EA60128813ADB009C5901 /* CategoryHome.swift */; };
		B42EA60428815252009C5901 /* CategoryRow.swift in Sources */ = {isa = PBXBuildFile; fileRef = B42EA60328815252009C5901 /* CategoryRow.swift */; };
		B42EA606288155DE009C5901 /* CategoryItem.swift in Sources */ = {isa = PBXBuildFile; fileRef = B42EA605288155DE009C5901 /* CategoryItem.swift */; };
/* End PBXBuildFile section */

/* Begin PBXFileReference section */
		B42EA5B9287D50BA009C5901 /* WhatIsSwiftUI.app */ = {isa = PBXFileReference; explicitFileType = wrapper.application; includeInIndex = 0; path = WhatIsSwiftUI.app; sourceTree = BUILT_PRODUCTS_DIR; };
		B42EA5BC287D50BA009C5901 /* WhatIsSwiftUIApp.swift */ = {isa = PBXFileReference; lastKnownFileType = sourcecode.swift; path = WhatIsSwiftUIApp.swift; sourceTree = "<group>"; };
		B42EA5BE287D50BA009C5901 /* ContentView.swift */ = {isa = PBXFileReference; lastKnownFileType = sourcecode.swift; path = ContentView.swift; sourceTree = "<group>"; };
		B42EA5C3287D50BA009C5901 /* Preview Assets.xcassets */ = {isa = PBXFileReference; lastKnownFileType = folder.assetcatalog; path = "Preview Assets.xcassets"; sourceTree = "<group>"; };
		B42EA5CA287D665F009C5901 /* CircleImage.swift */ = {isa = PBXFileReference; lastKnownFileType = sourcecode.swift; path = CircleImage.swift; sourceTree = "<group>"; };
		B42EA5CC287D6AA2009C5901 /* MapView.swift */ = {isa = PBXFileReference; lastKnownFileType = sourcecode.swift; path = MapView.swift; sourceTree = "<group>"; };
		B42EA5CE287D81F0009C5901 /* landmarkData.json */ = {isa = PBXFileReference; fileEncoding = 4; lastKnownFileType = text.json; path = landmarkData.json; sourceTree = "<group>"; };
		B42EA5D2287D828D009C5901 /* Landmark.swift */ = {isa = PBXFileReference; lastKnownFileType = sourcecode.swift; path = Landmark.swift; sourceTree = "<group>"; };
		B42EA5D4287D8EB3009C5901 /* ModelData.swift */ = {isa = PBXFileReference; lastKnownFileType = sourcecode.swift; path = ModelData.swift; sourceTree = "<group>"; };
		B42EA5DA287D992C009C5901 /* LandmarkRow.swift */ = {isa = PBXFileReference; lastKnownFileType = sourcecode.swift; path = LandmarkRow.swift; sourceTree = "<group>"; };
		B42EA5DC287D9D3B009C5901 /* LandmarkList.swift */ = {isa = PBXFileReference; lastKnownFileType = sourcecode.swift; path = LandmarkList.swift; sourceTree = "<group>"; };
		B42EA5DE287DA2FC009C5901 /* LandmarkDetail.swift */ = {isa = PBXFileReference; lastKnownFileType = sourcecode.swift; path = LandmarkDetail.swift; sourceTree = "<group>"; };
		B42EA5E2287EFE3D009C5901 /* FavoriteButton.swift */ = {isa = PBXFileReference; lastKnownFileType = sourcecode.swift; path = FavoriteButton.swift; sourceTree = "<group>"; };
		B42EA5E6287FEA11009C5901 /* HexagonParameters.swift */ = {isa = PBXFileReference; lastKnownFileType = sourcecode.swift; path = HexagonParameters.swift; sourceTree = "<group>"; };
		B42EA5E8287FF0C5009C5901 /* BadgeBackground.swift */ = {isa = PBXFileReference; lastKnownFileType = sourcecode.swift; path = BadgeBackground.swift; sourceTree = "<group>"; };
		B42EA5EA288007C1009C5901 /* Assets.xcassets */ = {isa = PBXFileReference; lastKnownFileType = folder.assetcatalog; path = Assets.xcassets; sourceTree = "<group>"; };
		B42EA5EC28800834009C5901 /* BadgeSymbol.swift */ = {isa = PBXFileReference; lastKnownFileType = sourcecode.swift; path = BadgeSymbol.swift; sourceTree = "<group>"; };
		B42EA5EE28800FC3009C5901 /* RotatedBadgeSymbol.swift */ = {isa = PBXFileReference; lastKnownFileType = sourcecode.swift; path = RotatedBadgeSymbol.swift; sourceTree = "<group>"; };
		B42EA5F0288011C0009C5901 /* Badge.swift */ = {isa = PBXFileReference; lastKnownFileType = sourcecode.swift; path = Badge.swift; sourceTree = "<group>"; };
		B42EA5F328802B28009C5901 /* hikeData.json */ = {isa = PBXFileReference; fileEncoding = 4; lastKnownFileType = text.json; path = hikeData.json; sourceTree = "<group>"; };
		B42EA5F528802B7B009C5901 /* Hike.swift */ = {isa = PBXFileReference; lastKnownFileType = sourcecode.swift; path = Hike.swift; sourceTree = "<group>"; };
		B42EA5F828803305009C5901 /* GraphCapsule.swift */ = {isa = PBXFileReference; fileEncoding = 4; lastKnownFileType = sourcecode.swift; path = GraphCapsule.swift; sourceTree = "<group>"; };
		B42EA5F928803305009C5901 /* HikeGraph.swift */ = {isa = PBXFileReference; fileEncoding = 4; lastKnownFileType = sourcecode.swift; path = HikeGraph.swift; sourceTree = "<group>"; };
		B42EA5FA28803305009C5901 /* HikeDetail.swift */ = {isa = PBXFileReference; fileEncoding = 4; lastKnownFileType = sourcecode.swift; path = HikeDetail.swift; sourceTree = "<group>"; };
		B42EA5FB28803305009C5901 /* HikeView.swift */ = {isa = PBXFileReference; fileEncoding = 4; lastKnownFileType = sourcecode.swift; path = HikeView.swift; sourceTree = "<group>"; };
		B42EA60128813ADB009C5901 /* CategoryHome.swift */ = {isa = PBXFileReference; lastKnownFileType = sourcecode.swift; path = CategoryHome.swift; sourceTree = "<group>"; };
		B42EA60328815252009C5901 /* CategoryRow.swift */ = {isa = PBXFileReference; lastKnownFileType = sourcecode.swift; path = CategoryRow.swift; sourceTree = "<group>"; };
		B42EA605288155DE009C5901 /* CategoryItem.swift */ = {isa = PBXFileReference; lastKnownFileType = sourcecode.swift; path = CategoryItem.swift; sourceTree = "<group>"; };
/* End PBXFileReference section */

/* Begin PBXFrameworksBuildPhase section */
		B42EA5B6287D50BA009C5901 /* Frameworks */ = {
			isa = PBXFrameworksBuildPhase;
			buildActionMask = 2147483647;
			files = (
			);
			runOnlyForDeploymentPostprocessing = 0;
		};
/* End PBXFrameworksBuildPhase section */

/* Begin PBXGroup section */
		B42EA5B0287D50BA009C5901 = {
			isa = PBXGroup;
			children = (
				B42EA5BB287D50BA009C5901 /* WhatIsSwiftUI */,
				B42EA5BA287D50BA009C5901 /* Products */,
			);
			sourceTree = "<group>";
		};
		B42EA5BA287D50BA009C5901 /* Products */ = {
			isa = PBXGroup;
			children = (
				B42EA5B9287D50BA009C5901 /* WhatIsSwiftUI.app */,
			);
			name = Products;
			sourceTree = "<group>";
		};
		B42EA5BB287D50BA009C5901 /* WhatIsSwiftUI */ = {
			isa = PBXGroup;
			children = (
				B42EA5EA288007C1009C5901 /* Assets.xcassets */,
				B42EA5BC287D50BA009C5901 /* WhatIsSwiftUIApp.swift */,
				B42EA5D6287D9823009C5901 /* Views */,
				B42EA5D8287D987D009C5901 /* Model */,
				B42EA5D9287D98A9009C5901 /* Resources */,
				B42EA5C2287D50BA009C5901 /* Preview Content */,
			);
			path = WhatIsSwiftUI;
			sourceTree = "<group>";
		};
		B42EA5C2287D50BA009C5901 /* Preview Content */ = {
			isa = PBXGroup;
			children = (
				B42EA5C3287D50BA009C5901 /* Preview Assets.xcassets */,
			);
			path = "Preview Content";
			sourceTree = "<group>";
		};
		B42EA5D6287D9823009C5901 /* Views */ = {
			isa = PBXGroup;
			children = (
				B42EA60028813ABE009C5901 /* Categories */,
				B42EA5F728803305009C5901 /* Hikes */,
				B42EA5BE287D50BA009C5901 /* ContentView.swift */,
				B42EA5E4287F0AAA009C5901 /* Helpers */,
				B42EA5E5287F0AF9009C5901 /* Landmarks */,
				B42EA5F228801976009C5901 /* Badges */,
			);
			path = Views;
			sourceTree = "<group>";
		};
		B42EA5D8287D987D009C5901 /* Model */ = {
			isa = PBXGroup;
			children = (
				B42EA5D4287D8EB3009C5901 /* ModelData.swift */,
				B42EA5D2287D828D009C5901 /* Landmark.swift */,
				B42EA5F528802B7B009C5901 /* Hike.swift */,
			);
			path = Model;
			sourceTree = "<group>";
		};
		B42EA5D9287D98A9009C5901 /* Resources */ = {
			isa = PBXGroup;
			children = (
				B42EA5F328802B28009C5901 /* hikeData.json */,
				B42EA5CE287D81F0009C5901 /* landmarkData.json */,
			);
			path = Resources;
			sourceTree = "<group>";
		};
		B42EA5E4287F0AAA009C5901 /* Helpers */ = {
			isa = PBXGroup;
			children = (
				B42EA5CA287D665F009C5901 /* CircleImage.swift */,
				B42EA5CC287D6AA2009C5901 /* MapView.swift */,
				B42EA5E2287EFE3D009C5901 /* FavoriteButton.swift */,
			);
			path = Helpers;
			sourceTree = "<group>";
		};
		B42EA5E5287F0AF9009C5901 /* Landmarks */ = {
			isa = PBXGroup;
			children = (
				B42EA5DA287D992C009C5901 /* LandmarkRow.swift */,
				B42EA5DC287D9D3B009C5901 /* LandmarkList.swift */,
				B42EA5DE287DA2FC009C5901 /* LandmarkDetail.swift */,
			);
			path = Landmarks;
			sourceTree = "<group>";
		};
		B42EA5F228801976009C5901 /* Badges */ = {
			isa = PBXGroup;
			children = (
				B42EA5E6287FEA11009C5901 /* HexagonParameters.swift */,
				B42EA5E8287FF0C5009C5901 /* BadgeBackground.swift */,
				B42EA5EC28800834009C5901 /* BadgeSymbol.swift */,
				B42EA5EE28800FC3009C5901 /* RotatedBadgeSymbol.swift */,
				B42EA5F0288011C0009C5901 /* Badge.swift */,
			);
			path = Badges;
			sourceTree = "<group>";
		};
		B42EA5F728803305009C5901 /* Hikes */ = {
			isa = PBXGroup;
			children = (
				B42EA5F828803305009C5901 /* GraphCapsule.swift */,
				B42EA5F928803305009C5901 /* HikeGraph.swift */,
				B42EA5FA28803305009C5901 /* HikeDetail.swift */,
				B42EA5FB28803305009C5901 /* HikeView.swift */,
			);
			path = Hikes;
			sourceTree = "<group>";
		};
		B42EA60028813ABE009C5901 /* Categories */ = {
			isa = PBXGroup;
			children = (
				B42EA60128813ADB009C5901 /* CategoryHome.swift */,
				B42EA60328815252009C5901 /* CategoryRow.swift */,
				B42EA605288155DE009C5901 /* CategoryItem.swift */,
			);
			path = Categories;
			sourceTree = "<group>";
		};
/* End PBXGroup section */

/* Begin PBXNativeTarget section */
		B42EA5B8287D50BA009C5901 /* WhatIsSwiftUI */ = {
			isa = PBXNativeTarget;
			buildConfigurationList = B42EA5C7287D50BA009C5901 /* Build configuration list for PBXNativeTarget "WhatIsSwiftUI" */;
			buildPhases = (
				B42EA5B5287D50BA009C5901 /* Sources */,
				B42EA5B6287D50BA009C5901 /* Frameworks */,
				B42EA5B7287D50BA009C5901 /* Resources */,
			);
			buildRules = (
			);
			dependencies = (
			);
			name = WhatIsSwiftUI;
			productName = WhatIsSwiftUI;
			productReference = B42EA5B9287D50BA009C5901 /* WhatIsSwiftUI.app */;
			productType = "com.apple.product-type.application";
		};
/* End PBXNativeTarget section */

/* Begin PBXProject section */
		B42EA5B1287D50BA009C5901 /* Project object */ = {
			isa = PBXProject;
			attributes = {
				BuildIndependentTargetsInParallel = 1;
				LastSwiftUpdateCheck = 1340;
				LastUpgradeCheck = 1340;
				TargetAttributes = {
					B42EA5B8287D50BA009C5901 = {
						CreatedOnToolsVersion = 13.4.1;
					};
				};
			};
			buildConfigurationList = B42EA5B4287D50BA009C5901 /* Build configuration list for PBXProject "WhatIsSwiftUI" */;
			compatibilityVersion = "Xcode 13.0";
			developmentRegion = en;
			hasScannedForEncodings = 0;
			knownRegions = (
				en,
				Base,
			);
			mainGroup = B42EA5B0287D50BA009C5901;
			productRefGroup = B42EA5BA287D50BA009C5901 /* Products */;
			projectDirPath = "";
			projectRoot = "";
			targets = (
				B42EA5B8287D50BA009C5901 /* WhatIsSwiftUI */,
			);
		};
/* End PBXProject section */

/* Begin PBXResourcesBuildPhase section */
		B42EA5B7287D50BA009C5901 /* Resources */ = {
			isa = PBXResourcesBuildPhase;
			buildActionMask = 2147483647;
			files = (
				B42EA5F428802B28009C5901 /* hikeData.json in Resources */,
				B42EA5C4287D50BA009C5901 /* Preview Assets.xcassets in Resources */,
				B42EA5EB288007C1009C5901 /* Assets.xcassets in Resources */,
				B42EA5CF287D81F0009C5901 /* landmarkData.json in Resources */,
			);
			runOnlyForDeploymentPostprocessing = 0;
		};
/* End PBXResourcesBuildPhase section */

/* Begin PBXSourcesBuildPhase section */
		B42EA5B5287D50BA009C5901 /* Sources */ = {
			isa = PBXSourcesBuildPhase;
			buildActionMask = 2147483647;
			files = (
				B42EA60428815252009C5901 /* CategoryRow.swift in Sources */,
				B42EA5BF287D50BA009C5901 /* ContentView.swift in Sources */,
				B42EA60228813ADB009C5901 /* CategoryHome.swift in Sources */,
				B42EA5FD28803305009C5901 /* HikeGraph.swift in Sources */,
				B42EA5F1288011C0009C5901 /* Badge.swift in Sources */,
				B42EA5CD287D6AA2009C5901 /* MapView.swift in Sources */,
				B42EA5FC28803305009C5901 /* GraphCapsule.swift in Sources */,
				B42EA5BD287D50BA009C5901 /* WhatIsSwiftUIApp.swift in Sources */,
				B42EA5E3287EFE3D009C5901 /* FavoriteButton.swift in Sources */,
				B42EA606288155DE009C5901 /* CategoryItem.swift in Sources */,
				B42EA5FE28803305009C5901 /* HikeDetail.swift in Sources */,
				B42EA5E7287FEA11009C5901 /* HexagonParameters.swift in Sources */,
				B42EA5F628802B7B009C5901 /* Hike.swift in Sources */,
				B42EA5ED28800834009C5901 /* BadgeSymbol.swift in Sources */,
				B42EA5DD287D9D3B009C5901 /* LandmarkList.swift in Sources */,
				B42EA5DF287DA2FC009C5901 /* LandmarkDetail.swift in Sources */,
				B42EA5FF28803305009C5901 /* HikeView.swift in Sources */,
				B42EA5E9287FF0C5009C5901 /* BadgeBackground.swift in Sources */,
				B42EA5CB287D665F009C5901 /* CircleImage.swift in Sources */,
				B42EA5D3287D828D009C5901 /* Landmark.swift in Sources */,
				B42EA5EF28800FC3009C5901 /* RotatedBadgeSymbol.swift in Sources */,
				B42EA5DB287D992C009C5901 /* LandmarkRow.swift in Sources */,
				B42EA5D5287D8EB3009C5901 /* ModelData.swift in Sources */,
			);
			runOnlyForDeploymentPostprocessing = 0;
		};
/* End PBXSourcesBuildPhase section */

/* Begin XCBuildConfiguration section */
		B42EA5C5287D50BA009C5901 /* Debug */ = {
			isa = XCBuildConfiguration;
			buildSettings = {
				ALWAYS_SEARCH_USER_PATHS = NO;
				CLANG_ANALYZER_NONNULL = YES;
				CLANG_ANALYZER_NUMBER_OBJECT_CONVERSION = YES_AGGRESSIVE;
				CLANG_CXX_LANGUAGE_STANDARD = "gnu++17";
				CLANG_ENABLE_MODULES = YES;
				CLANG_ENABLE_OBJC_ARC = YES;
				CLANG_ENABLE_OBJC_WEAK = YES;
				CLANG_WARN_BLOCK_CAPTURE_AUTORELEASING = YES;
				CLANG_WARN_BOOL_CONVERSION = YES;
				CLANG_WARN_COMMA = YES;
				CLANG_WARN_CONSTANT_CONVERSION = YES;
				CLANG_WARN_DEPRECATED_OBJC_IMPLEMENTATIONS = YES;
				CLANG_WARN_DIRECT_OBJC_ISA_USAGE = YES_ERROR;
				CLANG_WARN_DOCUMENTATION_COMMENTS = YES;
				CLANG_WARN_EMPTY_BODY = YES;
				CLANG_WARN_ENUM_CONVERSION = YES;
				CLANG_WARN_INFINITE_RECURSION = YES;
				CLANG_WARN_INT_CONVERSION = YES;
				CLANG_WARN_NON_LITERAL_NULL_CONVERSION = YES;
				CLANG_WARN_OBJC_IMPLICIT_RETAIN_SELF = YES;
				CLANG_WARN_OBJC_LITERAL_CONVERSION = YES;
				CLANG_WARN_OBJC_ROOT_CLASS = YES_ERROR;
				CLANG_WARN_QUOTED_INCLUDE_IN_FRAMEWORK_HEADER = YES;
				CLANG_WARN_RANGE_LOOP_ANALYSIS = YES;
				CLANG_WARN_STRICT_PROTOTYPES = YES;
				CLANG_WARN_SUSPICIOUS_MOVE = YES;
				CLANG_WARN_UNGUARDED_AVAILABILITY = YES_AGGRESSIVE;
				CLANG_WARN_UNREACHABLE_CODE = YES;
				CLANG_WARN__DUPLICATE_METHOD_MATCH = YES;
				COPY_PHASE_STRIP = NO;
				DEBUG_INFORMATION_FORMAT = dwarf;
				ENABLE_STRICT_OBJC_MSGSEND = YES;
				ENABLE_TESTABILITY = YES;
				GCC_C_LANGUAGE_STANDARD = gnu11;
				GCC_DYNAMIC_NO_PIC = NO;
				GCC_NO_COMMON_BLOCKS = YES;
				GCC_OPTIMIZATION_LEVEL = 0;
				GCC_PREPROCESSOR_DEFINITIONS = (
					"DEBUG=1",
					"$(inherited)",
				);
				GCC_WARN_64_TO_32_BIT_CONVERSION = YES;
				GCC_WARN_ABOUT_RETURN_TYPE = YES_ERROR;
				GCC_WARN_UNDECLARED_SELECTOR = YES;
				GCC_WARN_UNINITIALIZED_AUTOS = YES_AGGRESSIVE;
				GCC_WARN_UNUSED_FUNCTION = YES;
				GCC_WARN_UNUSED_VARIABLE = YES;
				IPHONEOS_DEPLOYMENT_TARGET = 15.5;
				MTL_ENABLE_DEBUG_INFO = INCLUDE_SOURCE;
				MTL_FAST_MATH = YES;
				ONLY_ACTIVE_ARCH = YES;
				SDKROOT = iphoneos;
				SWIFT_ACTIVE_COMPILATION_CONDITIONS = DEBUG;
				SWIFT_OPTIMIZATION_LEVEL = "-Onone";
			};
			name = Debug;
		};
		B42EA5C6287D50BA009C5901 /* Release */ = {
			isa = XCBuildConfiguration;
			buildSettings = {
				ALWAYS_SEARCH_USER_PATHS = NO;
				CLANG_ANALYZER_NONNULL = YES;
				CLANG_ANALYZER_NUMBER_OBJECT_CONVERSION = YES_AGGRESSIVE;
				CLANG_CXX_LANGUAGE_STANDARD = "gnu++17";
				CLANG_ENABLE_MODULES = YES;
				CLANG_ENABLE_OBJC_ARC = YES;
				CLANG_ENABLE_OBJC_WEAK = YES;
				CLANG_WARN_BLOCK_CAPTURE_AUTORELEASING = YES;
				CLANG_WARN_BOOL_CONVERSION = YES;
				CLANG_WARN_COMMA = YES;
				CLANG_WARN_CONSTANT_CONVERSION = YES;
				CLANG_WARN_DEPRECATED_OBJC_IMPLEMENTATIONS = YES;
				CLANG_WARN_DIRECT_OBJC_ISA_USAGE = YES_ERROR;
				CLANG_WARN_DOCUMENTATION_COMMENTS = YES;
				CLANG_WARN_EMPTY_BODY = YES;
				CLANG_WARN_ENUM_CONVERSION = YES;
				CLANG_WARN_INFINITE_RECURSION = YES;
				CLANG_WARN_INT_CONVERSION = YES;
				CLANG_WARN_NON_LITERAL_NULL_CONVERSION = YES;
				CLANG_WARN_OBJC_IMPLICIT_RETAIN_SELF = YES;
				CLANG_WARN_OBJC_LITERAL_CONVERSION = YES;
				CLANG_WARN_OBJC_ROOT_CLASS = YES_ERROR;
				CLANG_WARN_QUOTED_INCLUDE_IN_FRAMEWORK_HEADER = YES;
				CLANG_WARN_RANGE_LOOP_ANALYSIS = YES;
				CLANG_WARN_STRICT_PROTOTYPES = YES;
				CLANG_WARN_SUSPICIOUS_MOVE = YES;
				CLANG_WARN_UNGUARDED_AVAILABILITY = YES_AGGRESSIVE;
				CLANG_WARN_UNREACHABLE_CODE = YES;
				CLANG_WARN__DUPLICATE_METHOD_MATCH = YES;
				COPY_PHASE_STRIP = NO;
				DEBUG_INFORMATION_FORMAT = "dwarf-with-dsym";
				ENABLE_NS_ASSERTIONS = NO;
				ENABLE_STRICT_OBJC_MSGSEND = YES;
				GCC_C_LANGUAGE_STANDARD = gnu11;
				GCC_NO_COMMON_BLOCKS = YES;
				GCC_WARN_64_TO_32_BIT_CONVERSION = YES;
				GCC_WARN_ABOUT_RETURN_TYPE = YES_ERROR;
				GCC_WARN_UNDECLARED_SELECTOR = YES;
				GCC_WARN_UNINITIALIZED_AUTOS = YES_AGGRESSIVE;
				GCC_WARN_UNUSED_FUNCTION = YES;
				GCC_WARN_UNUSED_VARIABLE = YES;
				IPHONEOS_DEPLOYMENT_TARGET = 15.5;
				MTL_ENABLE_DEBUG_INFO = NO;
				MTL_FAST_MATH = YES;
				SDKROOT = iphoneos;
				SWIFT_COMPILATION_MODE = wholemodule;
				SWIFT_OPTIMIZATION_LEVEL = "-O";
				VALIDATE_PRODUCT = YES;
			};
			name = Release;
		};
		B42EA5C8287D50BA009C5901 /* Debug */ = {
			isa = XCBuildConfiguration;
			buildSettings = {
				ASSETCATALOG_COMPILER_APPICON_NAME = AppIcon;
				ASSETCATALOG_COMPILER_GLOBAL_ACCENT_COLOR_NAME = AccentColor;
				CODE_SIGN_STYLE = Automatic;
				CURRENT_PROJECT_VERSION = 1;
				DEVELOPMENT_ASSET_PATHS = "\"WhatIsSwiftUI/Preview Content\"";
				DEVELOPMENT_TEAM = SAQDM96LSM;
				ENABLE_PREVIEWS = YES;
				GENERATE_INFOPLIST_FILE = YES;
				INFOPLIST_KEY_UIApplicationSceneManifest_Generation = YES;
				INFOPLIST_KEY_UIApplicationSupportsIndirectInputEvents = YES;
				INFOPLIST_KEY_UILaunchScreen_Generation = YES;
				INFOPLIST_KEY_UISupportedInterfaceOrientations_iPad = "UIInterfaceOrientationPortrait UIInterfaceOrientationPortraitUpsideDown UIInterfaceOrientationLandscapeLeft UIInterfaceOrientationLandscapeRight";
				INFOPLIST_KEY_UISupportedInterfaceOrientations_iPhone = "UIInterfaceOrientationPortrait UIInterfaceOrientationLandscapeLeft UIInterfaceOrientationLandscapeRight";
				LD_RUNPATH_SEARCH_PATHS = (
					"$(inherited)",
					"@executable_path/Frameworks",
				);
				MARKETING_VERSION = 1.0;
				PRODUCT_BUNDLE_IDENTIFIER = kr.shj971219.WhatIsSwiftUI;
				PRODUCT_NAME = "$(TARGET_NAME)";
				SWIFT_EMIT_LOC_STRINGS = YES;
				SWIFT_VERSION = 5.0;
				TARGETED_DEVICE_FAMILY = "1,2";
			};
			name = Debug;
		};
		B42EA5C9287D50BA009C5901 /* Release */ = {
			isa = XCBuildConfiguration;
			buildSettings = {
				ASSETCATALOG_COMPILER_APPICON_NAME = AppIcon;
				ASSETCATALOG_COMPILER_GLOBAL_ACCENT_COLOR_NAME = AccentColor;
				CODE_SIGN_STYLE = Automatic;
				CURRENT_PROJECT_VERSION = 1;
				DEVELOPMENT_ASSET_PATHS = "\"WhatIsSwiftUI/Preview Content\"";
				DEVELOPMENT_TEAM = SAQDM96LSM;
				ENABLE_PREVIEWS = YES;
				GENERATE_INFOPLIST_FILE = YES;
				INFOPLIST_KEY_UIApplicationSceneManifest_Generation = YES;
				INFOPLIST_KEY_UIApplicationSupportsIndirectInputEvents = YES;
				INFOPLIST_KEY_UILaunchScreen_Generation = YES;
				INFOPLIST_KEY_UISupportedInterfaceOrientations_iPad = "UIInterfaceOrientationPortrait UIInterfaceOrientationPortraitUpsideDown UIInterfaceOrientationLandscapeLeft UIInterfaceOrientationLandscapeRight";
				INFOPLIST_KEY_UISupportedInterfaceOrientations_iPhone = "UIInterfaceOrientationPortrait UIInterfaceOrientationLandscapeLeft UIInterfaceOrientationLandscapeRight";
				LD_RUNPATH_SEARCH_PATHS = (
					"$(inherited)",
					"@executable_path/Frameworks",
				);
				MARKETING_VERSION = 1.0;
				PRODUCT_BUNDLE_IDENTIFIER = kr.shj971219.WhatIsSwiftUI;
				PRODUCT_NAME = "$(TARGET_NAME)";
				SWIFT_EMIT_LOC_STRINGS = YES;
				SWIFT_VERSION = 5.0;
				TARGETED_DEVICE_FAMILY = "1,2";
			};
			name = Release;
		};
/* End XCBuildConfiguration section */

/* Begin XCConfigurationList section */
		B42EA5B4287D50BA009C5901 /* Build configuration list for PBXProject "WhatIsSwiftUI" */ = {
			isa = XCConfigurationList;
			buildConfigurations = (
				B42EA5C5287D50BA009C5901 /* Debug */,
				B42EA5C6287D50BA009C5901 /* Release */,
			);
			defaultConfigurationIsVisible = 0;
			defaultConfigurationName = Release;
		};
		B42EA5C7287D50BA009C5901 /* Build configuration list for PBXNativeTarget "WhatIsSwiftUI" */ = {
			isa = XCConfigurationList;
			buildConfigurations = (
				B42EA5C8287D50BA009C5901 /* Debug */,
				B42EA5C9287D50BA009C5901 /* Release */,
			);
			defaultConfigurationIsVisible = 0;
			defaultConfigurationName = Release;
		};
/* End XCConfigurationList section */
	};
	rootObject = B42EA5B1287D50BA009C5901 /* Project object */;
}
